
Microsoft Visual Studio Solution File, Format Version 12.00
# Visual Studio Version 16
VisualStudioVersion = 16.0.30621.155
MinimumVisualStudioVersion = 10.0.40219.1
Project("{FAE04EC0-301F-11D3-BF4B-00C04F79EFBC}") = "projet", "projet.csproj", "{BC1E988F-FCC9-4BBB-823D-1503CE2AD942}"
EndProject
Global
	GlobalSection(SolutionConfigurationPlatforms) = preSolution
		Debug|Any CPU = Debug|Any CPU
		Release|Any CPU = Release|Any CPU
	EndGlobalSection
	GlobalSection(ProjectConfigurationPlatforms) = postSolution
		{BC1E988F-FCC9-4BBB-823D-1503CE2AD942}.Debug|Any CPU.ActiveCfg = Debug|Any CPU
		{BC1E988F-FCC9-4BBB-823D-1503CE2AD942}.Debug|Any CPU.Build.0 = Debug|Any CPU
		{BC1E988F-FCC9-4BBB-823D-1503CE2AD942}.Release|Any CPU.ActiveCfg = Release|Any CPU
		{BC1E988F-FCC9-4BBB-823D-1503CE2AD942}.Release|Any CPU.Build.0 = Release|Any CPU
	EndGlobalSection
	GlobalSection(SolutionProperties) = preSolution
		HideSolutionNode = FALSE
	EndGlobalSection
	GlobalSection(ExtensibilityGlobals) = postSolution
		SolutionGuid = {9D5DD14A-28AD-44CA-86B8-2C5BE221B83E}
	EndGlobalSection
EndGlobal
